Microsoft Visual Studio Solution File, Format Version 11.00
# Visual Studio 2015
Project("{8C460813-1933-C4CA-1EED-E613AB5C0DAC}") = "WavelandSynth", "WavelandSynth.vcxproj", "{6D7245BA-5EB0-E549-8207-B162FFBC1D08}"
EndProject
Global
	GlobalSection(SolutionConfigurationPlatforms) = preSolution
		Debug|Win32 = Debug|Win32
		Release|Win32 = Release|Win32
	EndGlobalSection
	GlobalSection(ProjectConfigurationPlatforms) = postSolution
		{6D7245BA-5EB0-E549-8207-B162FFBC1D08}.Debug|Win32.ActiveCfg = Debug|Win32
		{6D7245BA-5EB0-E549-8207-B162FFBC1D08}.Debug|Win32.Build.0 = Debug|Win32
		{6D7245BA-5EB0-E549-8207-B162FFBC1D08}.Release|Win32.ActiveCfg = Release|Win32
		{6D7245BA-5EB0-E549-8207-B162FFBC1D08}.Release|Win32.Build.0 = Release|Win32
	EndGlobalSection
	GlobalSection(SolutionProperties) = preSolution
		HideSolutionNode = FALSE
	EndGlobalSection
EndGlobal
